
Microsoft Visual Studio Solution File, Format Version 12.00
# Visual Studio Version 17
VisualStudioVersion = 17.9.34622.214
MinimumVisualStudioVersion = 10.0.40219.1
Project("{9A19103F-16F7-4668-BE54-9A1E7A4F7556}") = "PlatFormWebAPI", "PlatFormWebAPI\PlatFormWebAPI.csproj", "{1B09ED28-7199-496A-AE41-AF5D2ED42182}"
EndProject
Project("{9A19103F-16F7-4668-BE54-9A1E7A4F7556}") = "Entities", "Entities\Entities.csproj", "{D972546F-81AC-4653-96EF-6D468D29BBC1}"
EndProject
Project("{9A19103F-16F7-4668-BE54-9A1E7A4F7556}") = "Repository", "Repository\Repository.csproj", "{7BDEA3BF-B884-4F1C-9B67-DCE269BE2460}"
EndProject
Project("{9A19103F-16F7-4668-BE54-9A1E7A4F7556}") = "Services", "Services\Services.csproj", "{3D528745-22DA-481D-9585-9FD1D9B82E93}"
EndProject
Project("{FAE04EC0-301F-11D3-BF4B-00C04F79EFBC}") = "ReviewPlatFormWeb", "ReviewPlatFormWeb\ReviewPlatFormWeb.csproj", "{1FB92DC4-21EA-48D9-930C-2172AD381A7C}"
EndProject
Global
	GlobalSection(SolutionConfigurationPlatforms) = preSolution
		Debug|Any CPU = Debug|Any CPU
		Release|Any CPU = Release|Any CPU
	EndGlobalSection
	GlobalSection(ProjectConfigurationPlatforms) = postSolution
		{1B09ED28-7199-496A-AE41-AF5D2ED42182}.Debug|Any CPU.ActiveCfg = Debug|Any CPU
		{1B09ED28-7199-496A-AE41-AF5D2ED42182}.Debug|Any CPU.Build.0 = Debug|Any CPU
		{1B09ED28-7199-496A-AE41-AF5D2ED42182}.Release|Any CPU.ActiveCfg = Release|Any CPU
		{1B09ED28-7199-496A-AE41-AF5D2ED42182}.Release|Any CPU.Build.0 = Release|Any CPU
		{D972546F-81AC-4653-96EF-6D468D29BBC1}.Debug|Any CPU.ActiveCfg = Debug|Any CPU
		{D972546F-81AC-4653-96EF-6D468D29BBC1}.Debug|Any CPU.Build.0 = Debug|Any CPU
		{D972546F-81AC-4653-96EF-6D468D29BBC1}.Release|Any CPU.ActiveCfg = Release|Any CPU
		{D972546F-81AC-4653-96EF-6D468D29BBC1}.Release|Any CPU.Build.0 = Release|Any CPU
		{7BDEA3BF-B884-4F1C-9B67-DCE269BE2460}.Debug|Any CPU.ActiveCfg = Debug|Any CPU
		{7BDEA3BF-B884-4F1C-9B67-DCE269BE2460}.Debug|Any CPU.Build.0 = Debug|Any CPU
		{7BDEA3BF-B884-4F1C-9B67-DCE269BE2460}.Release|Any CPU.ActiveCfg = Release|Any CPU
		{7BDEA3BF-B884-4F1C-9B67-DCE269BE2460}.Release|Any CPU.Build.0 = Release|Any CPU
		{3D528745-22DA-481D-9585-9FD1D9B82E93}.Debug|Any CPU.ActiveCfg = Debug|Any CPU
		{3D528745-22DA-481D-9585-9FD1D9B82E93}.Debug|Any CPU.Build.0 = Debug|Any CPU
		{3D528745-22DA-481D-9585-9FD1D9B82E93}.Release|Any CPU.ActiveCfg = Release|Any CPU
		{3D528745-22DA-481D-9585-9FD1D9B82E93}.Release|Any CPU.Build.0 = Release|Any CPU
		{1FB92DC4-21EA-48D9-930C-2172AD381A7C}.Debug|Any CPU.ActiveCfg = Debug|Any CPU
		{1FB92DC4-21EA-48D9-930C-2172AD381A7C}.Debug|Any CPU.Build.0 = Debug|Any CPU
		{1FB92DC4-21EA-48D9-930C-2172AD381A7C}.Release|Any CPU.ActiveCfg = Release|Any CPU
		{1FB92DC4-21EA-48D9-930C-2172AD381A7C}.Release|Any CPU.Build.0 = Release|Any CPU
	EndGlobalSection
	GlobalSection(SolutionProperties) = preSolution
		HideSolutionNode = FALSE
	EndGlobalSection
	GlobalSection(ExtensibilityGlobals) = postSolution
		SolutionGuid = {25BD1E36-C079-4D7E-8439-47818DEDBEB9}
	EndGlobalSection
EndGlobal
